{
  "requires": true,
  "lockfileVersion": 1,
  "dependencies": {
    "fullpage.js": {
      "version": "3.0.7",
      "resolved": "https://registry.npmjs.org/fullpage.js/-/fullpage.js-3.0.7.tgz",
      "integrity": "sha512-kKgwNWGUY/nMCMWuDJph2D4lSLmRqcEqD9zGR4no7e85sGLGUTdB5xWUUDZCXEp3nkPNVMOVJLFhJq5DbIY1UA=="
    }
  }
}
